
Microsoft Visual Studio Solution File, Format Version 12.00
# Visual Studio Version 17
VisualStudioVersion = 17.6.33717.318
MinimumVisualStudioVersion = 10.0.40219.1
Project("{FAE04EC0-301F-11D3-BF4B-00C04F79EFBC}") = "WF_Server_TCP_Dispetcher_Final", "WF_Server_TCP_Dispetcher_Final.csproj", "{E411113C-DBD8-4704-A2DB-73504C60B785}"
EndProject
Global
	GlobalSection(SolutionConfigurationPlatforms) = preSolution
		Debug|Any CPU = Debug|Any CPU
		Release|Any CPU = Release|Any CPU
	EndGlobalSection
	GlobalSection(ProjectConfigurationPlatforms) = postSolution
		{E411113C-DBD8-4704-A2DB-73504C60B785}.Debug|Any CPU.ActiveCfg = Debug|Any CPU
		{E411113C-DBD8-4704-A2DB-73504C60B785}.Debug|Any CPU.Build.0 = Debug|Any CPU
		{E411113C-DBD8-4704-A2DB-73504C60B785}.Release|Any CPU.ActiveCfg = Release|Any CPU
		{E411113C-DBD8-4704-A2DB-73504C60B785}.Release|Any CPU.Build.0 = Release|Any CPU
	EndGlobalSection
	GlobalSection(SolutionProperties) = preSolution
		HideSolutionNode = FALSE
	EndGlobalSection
	GlobalSection(ExtensibilityGlobals) = postSolution
		SolutionGuid = {E7312EC6-5E1F-493F-9B9D-26D40A65AD2E}
	EndGlobalSection
EndGlobal
